
Microsoft Visual Studio Solution File, Format Version 12.00
# Visual Studio Version 17
VisualStudioVersion = 17.0.32126.317
MinimumVisualStudioVersion = 10.0.40219.1
Project("{FAE04EC0-301F-11D3-BF4B-00C04F79EFBC}") = "HashTable", "HashTable.csproj", "{2AFE17E3-483D-4F21-84CD-41CD517E75BF}"
EndProject
Global
	GlobalSection(SolutionConfigurationPlatforms) = preSolution
		Debug|Any CPU = Debug|Any CPU
		Release|Any CPU = Release|Any CPU
	EndGlobalSection
	GlobalSection(ProjectConfigurationPlatforms) = postSolution
		{2AFE17E3-483D-4F21-84CD-41CD517E75BF}.Debug|Any CPU.ActiveCfg = Debug|Any CPU
		{2AFE17E3-483D-4F21-84CD-41CD517E75BF}.Debug|Any CPU.Build.0 = Debug|Any CPU
		{2AFE17E3-483D-4F21-84CD-41CD517E75BF}.Release|Any CPU.ActiveCfg = Release|Any CPU
		{2AFE17E3-483D-4F21-84CD-41CD517E75BF}.Release|Any CPU.Build.0 = Release|Any CPU
	EndGlobalSection
	GlobalSection(SolutionProperties) = preSolution
		HideSolutionNode = FALSE
	EndGlobalSection
	GlobalSection(ExtensibilityGlobals) = postSolution
		SolutionGuid = {ED3BC15B-54E3-4956-BAFC-63916C6FEF27}
	EndGlobalSection
EndGlobal
